{
  "version": "5",
  "specifiers": {
    "jsr:@std/assert@1": "1.0.19",
    "jsr:@std/internal@^1.0.12": "1.0.14",
    "jsr:@supabase/supabase-js@2": "2.116.0",
    "npm:@supabase/auth-js@2.116.0": "2.116.0",
    "npm:@supabase/functions-js@2.116.0": "2.116.0",
    "npm:@supabase/postgrest-js@2.116.0": "2.116.0",
    "npm:@supabase/realtime-js@2.116.0": "2.116.0",
    "npm:@supabase/storage-js@2.116.0": "2.116.0"
  },
  "jsr": {
    "@std/assert@1.0.19": {
      "integrity": "eaada96ee120cb980bc47e040f82814d786fe8162ecc53c91d8df60b8755991e",
      "dependencies": ["jsr:@std/internal"]
    },
    "@std/internal@1.0.14": {
      "integrity": "291516b3d4c35024d6ffbc0a9df5bf4c64116e05b50012cf846710152d2ffdf7"
    },
    "@supabase/supabase-js@2.116.0": {
      "integrity": "3005b560a70ba75504f9c11ec48cb05cec71d86d715a3c15be574394963270e0",
      "dependencies": [
        "npm:@supabase/auth-js",
        "npm:@supabase/functions-js",
        "npm:@supabase/postgrest-js",
        "npm:@supabase/realtime-js",
        "npm:@supabase/storage-js"
      ]
    }
  },
  "npm": {
    "@supabase/auth-js@2.116.0": {
      "integrity": "sha512-Cmosty12gyKGK9N3bQb+lMmuAFev5nmUzaR1AsmZHqKOAGzqX1VQzmp49CNPwOx/pw0H9Qqk4rs9yhwTlKpfDg==",
      "dependencies": ["tslib"]
    },
    "@supabase/functions-js@2.116.0": {
      "integrity": "sha512-E+VOc2QDcni/fySqkBFiZhnoB3SGydEdZgFI6/dEAGAHx6yEhB46TN9qb2wXs+E+RSzOBV0R6dasiSlw4xlZAA==",
      "dependencies": ["tslib"]
    },
    "@supabase/phoenix@0.4.5": {
      "integrity": "sha512-aAn9H9ovVyeApKy11OWOrrOGq8DV68yWeH4ud2lN9fzn4aO8Zb5GLL9m1pUg9nLqIcT+ZDfAcsZe0E/nqdv2lw=="
    },
    "@supabase/postgrest-js@2.116.0": {
      "integrity": "sha512-kGpVZTDHxFTJS3tu+rU0iTAZ+4U0bcLVjxwCk8f3gRhjw3qdCZjTBlgYvc4kGH2XccmAzbkKwXL/mrNHMGSc+A==",
      "dependencies": ["tslib"]
    },
    "@supabase/realtime-js@2.116.0": {
      "integrity": "sha512-MHAnlXxi2s6yiJsZsQMfs2B3RFxeVfQWxerqYhIMqcCQV/FuY3LIeouPEkXw/ah7wUWMLYwempF9MOCUScyddg==",
      "dependencies": ["@supabase/phoenix", "tslib"]
    },
    "@supabase/storage-js@2.116.0": {
      "integrity": "sha512-6/3hR6vccBP6oGM5B6RfbwZcTCKmQOodd/ZWQdsw8yJsU5zO/a//oBL6yLnmgxcjnHSrelW8rsO7hL5DPybyUQ==",
      "dependencies": ["iceberg-js", "tslib"]
    },
    "iceberg-js@0.8.1": {
      "integrity": "sha512-1dhVQZXhcHje7798IVM+xoo/1ZdVfzOMIc8/rgVSijRK38EDqOJoGula9N/8ZI5RD8QTxNQtK/Gozpr+qUqRRA=="
    },
    "tslib@2.8.1": {
      "integrity": "sha512-oJFu94HQb+KVduSUQL7wnpmqnfmLsOA/nAh6b6EH0wCEoK0/mPeXU6c3wKDV83MkOuHPRHtSXKKU99IBazS/2w=="
    }
  },
  "workspace": {
    "packageJson": {
      "dependencies": [
        "npm:@axe-core/playwright@^4.13.0",
        "npm:@eslint-community/eslint-plugin-eslint-comments@^4.8.0",
        "npm:@eslint/js@^9.39.5",
        "npm:@lhci/cli@~0.15.1",
        "npm:@playwright/test@^1.63.0",
        "npm:@radix-ui/react-dialog@^1.1.23",
        "npm:@radix-ui/react-dropdown-menu@^2.1.24",
        "npm:@radix-ui/react-slot@^1.3.3",
        "npm:@size-limit/file@^13.0.3",
        "npm:@supabase/supabase-js@^2.112.4",
        "npm:@tailwindcss/container-queries@~0.1.1",
        "npm:@tanstack/react-query@5.102.8",
        "npm:@testing-library/dom@^10.4.1",
        "npm:@testing-library/jest-dom@^7.0.1",
        "npm:@testing-library/react@^16.3.3",
        "npm:@testing-library/user-event@^14.6.7",
        "npm:@types/react-dom@^18.3.0",
        "npm:@types/react@^18.3.3",
        "npm:@vitejs/plugin-react@^4.7.0",
        "npm:@vitest/coverage-v8@^4.1.11",
        "npm:autoprefixer@^10.5.5",
        "npm:class-variance-authority@~0.7.1",
        "npm:clsx@^2.1.1",
        "npm:eslint-config-prettier@^10.1.8",
        "npm:eslint-import-resolver-typescript@^4.4.5",
        "npm:eslint-plugin-import@^2.32.0",
        "npm:eslint-plugin-jsx-a11y@^6.10.2",
        "npm:eslint-plugin-react-hooks@^7.1.1",
        "npm:eslint-plugin-react-refresh@~0.5.6",
        "npm:eslint-plugin-react@^7.37.5",
        "npm:eslint@^9.39.5",
        "npm:fake-indexeddb@^6.2.5",
        "npm:framer-motion@^11.18.2",
        "npm:jsdom@^25.0.1",
        "npm:lucide-react@0.344",
        "npm:postcss@^8.5.28",
        "npm:prettier@^3.9.6",
        "npm:react-dom@^18.3.1",
        "npm:react-router-dom@^7.18.4",
        "npm:react@^18.3.1",
        "npm:recharts@^2.15.4",
        "npm:size-limit@^13.0.3",
        "npm:tailwind-merge@^2.6.1",
        "npm:tailwindcss@^3.4.19",
        "npm:tsx@^4.7.1",
        "npm:typescript-eslint@^8.70.0",
        "npm:typescript@^5.2.2",
        "npm:vite@^6.4.3",
        "npm:vitest@^4.1.11",
        "npm:zustand@5.0.15"
      ],
      "overrides": {
        "tmp": "0.2.7",
        "uuid": "^11.1.1",
        "@puppeteer/browsers": "^3.2.2"
      }
    },
    "members": {
      "supabase/functions": {
        "dependencies": ["jsr:@std/assert@1"]
      }
    }
  }
}
